// !$*UTF8*$!
{
	archiveVersion = 1;
	classes = {
	};
	objectVersion = 50;
	objects = {

/* Begin PBXBuildFile section */
		38984EE4256F42600024DB16 /* AppDelegate.swift in Sources */ = {isa = PBXBuildFile; fileRef = 38984EE3256F42600024DB16 /* AppDelegate.swift */; };
		38984EE6256F42600024DB16 /* SceneDelegate.swift in Sources */ = {isa = PBXBuildFile; fileRef = 38984EE5256F42600024DB16 /* SceneDelegate.swift */; };
		38984EE8256F42600024DB16 /* ViewController.swift in Sources */ = {isa = PBXBuildFile; fileRef = 38984EE7256F42600024DB16 /* ViewController.swift */; };
		38984EEB256F42600024DB16 /* Main.storyboard in Resources */ = {isa = PBXBuildFile; fileRef = 38984EE9256F42600024DB16 /* Main.storyboard */; };
		38984EED256F42620024DB16 /* Assets.xcassets in Resources */ = {isa = PBXBuildFile; fileRef = 38984EEC256F42620024DB16 /* Assets.xcassets */; };
		38984EF0256F42620024DB16 /* LaunchScreen.storyboard in Resources */ = {isa = PBXBuildFile; fileRef = 38984EEE256F42620024DB16 /* LaunchScreen.storyboard */; };
		38984EFC256F50960024DB16 /* RoundedCornerView.swift in Sources */ = {isa = PBXBuildFile; fileRef = 38984EFB256F50960024DB16 /* RoundedCornerView.swift */; };
		38984F13256F5D4D0024DB16 /* museum_logo.png in Resources */ = {isa = PBXBuildFile; fileRef = 38984F12256F5D4C0024DB16 /* museum_logo.png */; };
		38984F16256F5D640024DB16 /* piramids.png in Resources */ = {isa = PBXBuildFile; fileRef = 38984F15256F5D640024DB16 /* piramids.png */; };
		38984F19256F5F330024DB16 /* swg.png in Resources */ = {isa = PBXBuildFile; fileRef = 38984F18256F5F330024DB16 /* swg.png */; };
		38984F1C256F778F0024DB16 /* priramid_art.png in Resources */ = {isa = PBXBuildFile; fileRef = 38984F1B256F778E0024DB16 /* priramid_art.png */; };
/* End PBXBuildFile section */

/* Begin PBXFileReference section */
		38984EE0256F42600024DB16 /* Eureka_iOS.app */ = {isa = PBXFileReference; explicitFileType = wrapper.application; includeInIndex = 0; path = Eureka_iOS.app; sourceTree = BUILT_PRODUCTS_DIR; };
		38984EE3256F42600024DB16 /* AppDelegate.swift */ = {isa = PBXFileReference; lastKnownFileType = sourcecode.swift; path = AppDelegate.swift; sourceTree = "<group>"; };
		38984EE5256F42600024DB16 /* SceneDelegate.swift */ = {isa = PBXFileReference; lastKnownFileType = sourcecode.swift; path = SceneDelegate.swift; sourceTree = "<group>"; };
		38984EE7256F42600024DB16 /* ViewController.swift */ = {isa = PBXFileReference; lastKnownFileType = sourcecode.swift; path = ViewController.swift; sourceTree = "<group>"; };
		38984EEA256F42600024DB16 /* Base */ = {isa = PBXFileReference; lastKnownFileType = file.storyboard; name = Base; path = Base.lproj/Main.storyboard; sourceTree = "<group>"; };
		38984EEC256F42620024DB16 /* Assets.xcassets */ = {isa = PBXFileReference; lastKnownFileType = folder.assetcatalog; path = Assets.xcassets; sourceTree = "<group>"; };
		38984EEF256F42620024DB16 /* Base */ = {isa = PBXFileReference; lastKnownFileType = file.storyboard; name = Base; path = Base.lproj/LaunchScreen.storyboard; sourceTree = "<group>"; };
		38984EF1256F42620024DB16 /* Info.plist */ = {isa = PBXFileReference; lastKnownFileType = text.plist.xml; path = Info.plist; sourceTree = "<group>"; };
		38984EFB256F50960024DB16 /* RoundedCornerView.swift */ = {isa = PBXFileReference; lastKnownFileType = sourcecode.swift; path = RoundedCornerView.swift; sourceTree = "<group>"; };
		38984F12256F5D4C0024DB16 /* museum_logo.png */ = {isa = PBXFileReference; lastKnownFileType = image.png; path = museum_logo.png; sourceTree = "<group>"; };
		38984F15256F5D640024DB16 /* piramids.png */ = {isa = PBXFileReference; lastKnownFileType = image.png; path = piramids.png; sourceTree = "<group>"; };
		38984F18256F5F330024DB16 /* swg.png */ = {isa = PBXFileReference; lastKnownFileType = image.png; path = swg.png; sourceTree = "<group>"; };
		38984F1B256F778E0024DB16 /* priramid_art.png */ = {isa = PBXFileReference; lastKnownFileType = image.png; path = priramid_art.png; sourceTree = "<group>"; };
/* End PBXFileReference section */

/* Begin PBXFrameworksBuildPhase section */
		38984EDD256F42600024DB16 /* Frameworks */ = {
			isa = PBXFrameworksBuildPhase;
			buildActionMask = 2147483647;
			files = (
			);
			runOnlyForDeploymentPostprocessing = 0;
		};
/* End PBXFrameworksBuildPhase section */

/* Begin PBXGroup section */
		38984ED7256F42600024DB16 = {
			isa = PBXGroup;
			children = (
				38984EE2256F42600024DB16 /* Eureka_iOS */,
				38984EE1256F42600024DB16 /* Products */,
			);
			sourceTree = "<group>";
		};
		38984EE1256F42600024DB16 /* Products */ = {
			isa = PBXGroup;
			children = (
				38984EE0256F42600024DB16 /* Eureka_iOS.app */,
			);
			name = Products;
			sourceTree = "<group>";
		};
		38984EE2256F42600024DB16 /* Eureka_iOS */ = {
			isa = PBXGroup;
			children = (
				38984F12256F5D4C0024DB16 /* museum_logo.png */,
				38984F15256F5D640024DB16 /* piramids.png */,
				38984F1B256F778E0024DB16 /* priramid_art.png */,
				38984F18256F5F330024DB16 /* swg.png */,
				38984EE3256F42600024DB16 /* AppDelegate.swift */,
				38984EE5256F42600024DB16 /* SceneDelegate.swift */,
				38984EE7256F42600024DB16 /* ViewController.swift */,
				38984EE9256F42600024DB16 /* Main.storyboard */,
				38984EEC256F42620024DB16 /* Assets.xcassets */,
				38984EEE256F42620024DB16 /* LaunchScreen.storyboard */,
				38984EF1256F42620024DB16 /* Info.plist */,
				38984EFB256F50960024DB16 /* RoundedCornerView.swift */,
			);
			path = Eureka_iOS;
			sourceTree = "<group>";
		};
/* End PBXGroup section */

/* Begin PBXNativeTarget section */
		38984EDF256F42600024DB16 /* Eureka_iOS */ = {
			isa = PBXNativeTarget;
			buildConfigurationList = 38984EF4256F42620024DB16 /* Build configuration list for PBXNativeTarget "Eureka_iOS" */;
			buildPhases = (
				38984EDC256F42600024DB16 /* Sources */,
				38984EDD256F42600024DB16 /* Frameworks */,
				38984EDE256F42600024DB16 /* Resources */,
			);
			buildRules = (
			);
			dependencies = (
			);
			name = Eureka_iOS;
			productName = Eureka_iOS;
			productReference = 38984EE0256F42600024DB16 /* Eureka_iOS.app */;
			productType = "com.apple.product-type.application";
		};
/* End PBXNativeTarget section */

/* Begin PBXProject section */
		38984ED8256F42600024DB16 /* Project object */ = {
			isa = PBXProject;
			attributes = {
				LastSwiftUpdateCheck = 1220;
				LastUpgradeCheck = 1220;
				TargetAttributes = {
					38984EDF256F42600024DB16 = {
						CreatedOnToolsVersion = 12.2;
					};
				};
			};
			buildConfigurationList = 38984EDB256F42600024DB16 /* Build configuration list for PBXProject "Eureka_iOS" */;
			compatibilityVersion = "Xcode 9.3";
			developmentRegion = en;
			hasScannedForEncodings = 0;
			knownRegions = (
				en,
				Base,
			);
			mainGroup = 38984ED7256F42600024DB16;
			productRefGroup = 38984EE1256F42600024DB16 /* Products */;
			projectDirPath = "";
			projectRoot = "";
			targets = (
				38984EDF256F42600024DB16 /* Eureka_iOS */,
			);
		};
/* End PBXProject section */

/* Begin PBXResourcesBuildPhase section */
		38984EDE256F42600024DB16 /* Resources */ = {
			isa = PBXResourcesBuildPhase;
			buildActionMask = 2147483647;
			files = (
				38984EF0256F42620024DB16 /* LaunchScreen.storyboard in Resources */,
				38984EED256F42620024DB16 /* Assets.xcassets in Resources */,
				38984F13256F5D4D0024DB16 /* museum_logo.png in Resources */,
				38984F19256F5F330024DB16 /* swg.png in Resources */,
				38984EEB256F42600024DB16 /* Main.storyboard in Resources */,
				38984F16256F5D640024DB16 /* piramids.png in Resources */,
				38984F1C256F778F0024DB16 /* priramid_art.png in Resources */,
			);
			runOnlyForDeploymentPostprocessing = 0;
		};
/* End PBXResourcesBuildPhase section */

/* Begin PBXSourcesBuildPhase section */
		38984EDC256F42600024DB16 /* Sources */ = {
			isa = PBXSourcesBuildPhase;
			buildActionMask = 2147483647;
			files = (
				38984EE8256F42600024DB16 /* ViewController.swift in Sources */,
				38984EE4256F42600024DB16 /* AppDelegate.swift in Sources */,
				38984EE6256F42600024DB16 /* SceneDelegate.swift in Sources */,
				38984EFC256F50960024DB16 /* RoundedCornerView.swift in Sources */,
			);
			runOnlyForDeploymentPostprocessing = 0;
		};
/* End PBXSourcesBuildPhase section */

/* Begin PBXVariantGroup section */
		38984EE9256F42600024DB16 /* Main.storyboard */ = {
			isa = PBXVariantGroup;
			children = (
				38984EEA256F42600024DB16 /* Base */,
			);
			name = Main.storyboard;
			sourceTree = "<group>";
		};
		38984EEE256F42620024DB16 /* LaunchScreen.storyboard */ = {
			isa = PBXVariantGroup;
			children = (
				38984EEF256F42620024DB16 /* Base */,
			);
			name = LaunchScreen.storyboard;
			sourceTree = "<group>";
		};
/* End PBXVariantGroup section */

/* Begin XCBuildConfiguration section */
		38984EF2256F42620024DB16 /* Debug */ = {
			isa = XCBuildConfiguration;
			buildSettings = {
				ALWAYS_SEARCH_USER_PATHS = NO;
				CLANG_ANALYZER_NONNULL = YES;
				CLANG_ANALYZER_NUMBER_OBJECT_CONVERSION = YES_AGGRESSIVE;
				CLANG_CXX_LANGUAGE_STANDARD = "gnu++14";
				CLANG_CXX_LIBRARY = "libc++";
				CLANG_ENABLE_MODULES = YES;
				CLANG_ENABLE_OBJC_ARC = YES;
				CLANG_ENABLE_OBJC_WEAK = YES;
				CLANG_WARN_BLOCK_CAPTURE_AUTORELEASING = YES;
				CLANG_WARN_BOOL_CONVERSION = YES;
				CLANG_WARN_COMMA = YES;
				CLANG_WARN_CONSTANT_CONVERSION = YES;
				CLANG_WARN_DEPRECATED_OBJC_IMPLEMENTATIONS = YES;
				CLANG_WARN_DIRECT_OBJC_ISA_USAGE = YES_ERROR;
				CLANG_WARN_DOCUMENTATION_COMMENTS = YES;
				CLANG_WARN_EMPTY_BODY = YES;
				CLANG_WARN_ENUM_CONVERSION = YES;
				CLANG_WARN_INFINITE_RECURSION = YES;
				CLANG_WARN_INT_CONVERSION = YES;
				CLANG_WARN_NON_LITERAL_NULL_CONVERSION = YES;
				CLANG_WARN_OBJC_IMPLICIT_RETAIN_SELF = YES;
				CLANG_WARN_OBJC_LITERAL_CONVERSION = YES;
				CLANG_WARN_OBJC_ROOT_CLASS = YES_ERROR;
				CLANG_WARN_QUOTED_INCLUDE_IN_FRAMEWORK_HEADER = YES;
				CLANG_WARN_RANGE_LOOP_ANALYSIS = YES;
				CLANG_WARN_STRICT_PROTOTYPES = YES;
				CLANG_WARN_SUSPICIOUS_MOVE = YES;
				CLANG_WARN_UNGUARDED_AVAILABILITY = YES_AGGRESSIVE;
				CLANG_WARN_UNREACHABLE_CODE = YES;
				CLANG_WARN__DUPLICATE_METHOD_MATCH = YES;
				COPY_PHASE_STRIP = NO;
				DEBUG_INFORMATION_FORMAT = dwarf;
				ENABLE_STRICT_OBJC_MSGSEND = YES;
				ENABLE_TESTABILITY = YES;
				GCC_C_LANGUAGE_STANDARD = gnu11;
				GCC_DYNAMIC_NO_PIC = NO;
				GCC_NO_COMMON_BLOCKS = YES;
				GCC_OPTIMIZATION_LEVEL = 0;
				GCC_PREPROCESSOR_DEFINITIONS = (
					"DEBUG=1",
					"$(inherited)",
				);
				GCC_WARN_64_TO_32_BIT_CONVERSION = YES;
				GCC_WARN_ABOUT_RETURN_TYPE = YES_ERROR;
				GCC_WARN_UNDECLARED_SELECTOR = YES;
				GCC_WARN_UNINITIALIZED_AUTOS = YES_AGGRESSIVE;
				GCC_WARN_UNUSED_FUNCTION = YES;
				GCC_WARN_UNUSED_VARIABLE = YES;
				IPHONEOS_DEPLOYMENT_TARGET = 14.2;
				MTL_ENABLE_DEBUG_INFO = INCLUDE_SOURCE;
				MTL_FAST_MATH = YES;
				ONLY_ACTIVE_ARCH = YES;
				SDKROOT = iphoneos;
				SWIFT_ACTIVE_COMPILATION_CONDITIONS = DEBUG;
				SWIFT_OPTIMIZATION_LEVEL = "-Onone";
			};
			name = Debug;
		};
		38984EF3256F42620024DB16 /* Release */ = {
			isa = XCBuildConfiguration;
			buildSettings = {
				ALWAYS_SEARCH_USER_PATHS = NO;
				CLANG_ANALYZER_NONNULL = YES;
				CLANG_ANALYZER_NUMBER_OBJECT_CONVERSION = YES_AGGRESSIVE;
				CLANG_CXX_LANGUAGE_STANDARD = "gnu++14";
				CLANG_CXX_LIBRARY = "libc++";
				CLANG_ENABLE_MODULES = YES;
				CLANG_ENABLE_OBJC_ARC = YES;
				CLANG_ENABLE_OBJC_WEAK = YES;
				CLANG_WARN_BLOCK_CAPTURE_AUTORELEASING = YES;
				CLANG_WARN_BOOL_CONVERSION = YES;
				CLANG_WARN_COMMA = YES;
				CLANG_WARN_CONSTANT_CONVERSION = YES;
				CLANG_WARN_DEPRECATED_OBJC_IMPLEMENTATIONS = YES;
				CLANG_WARN_DIRECT_OBJC_ISA_USAGE = YES_ERROR;
				CLANG_WARN_DOCUMENTATION_COMMENTS = YES;
				CLANG_WARN_EMPTY_BODY = YES;
				CLANG_WARN_ENUM_CONVERSION = YES;
				CLANG_WARN_INFINITE_RECURSION = YES;
				CLANG_WARN_INT_CONVERSION = YES;
				CLANG_WARN_NON_LITERAL_NULL_CONVERSION = YES;
				CLANG_WARN_OBJC_IMPLICIT_RETAIN_SELF = YES;
				CLANG_WARN_OBJC_LITERAL_CONVERSION = YES;
				CLANG_WARN_OBJC_ROOT_CLASS = YES_ERROR;
				CLANG_WARN_QUOTED_INCLUDE_IN_FRAMEWORK_HEADER = YES;
				CLANG_WARN_RANGE_LOOP_ANALYSIS = YES;
				CLANG_WARN_STRICT_PROTOTYPES = YES;
				CLANG_WARN_SUSPICIOUS_MOVE = YES;
				CLANG_WARN_UNGUARDED_AVAILABILITY = YES_AGGRESSIVE;
				CLANG_WARN_UNREACHABLE_CODE = YES;
				CLANG_WARN__DUPLICATE_METHOD_MATCH = YES;
				COPY_PHASE_STRIP = NO;
				DEBUG_INFORMATION_FORMAT = "dwarf-with-dsym";
				ENABLE_NS_ASSERTIONS = NO;
				ENABLE_STRICT_OBJC_MSGSEND = YES;
				GCC_C_LANGUAGE_STANDARD = gnu11;
				GCC_NO_COMMON_BLOCKS = YES;
				GCC_WARN_64_TO_32_BIT_CONVERSION = YES;
				GCC_WARN_ABOUT_RETURN_TYPE = YES_ERROR;
				GCC_WARN_UNDECLARED_SELECTOR = YES;
				GCC_WARN_UNINITIALIZED_AUTOS = YES_AGGRESSIVE;
				GCC_WARN_UNUSED_FUNCTION = YES;
				GCC_WARN_UNUSED_VARIABLE = YES;
				IPHONEOS_DEPLOYMENT_TARGET = 14.2;
				MTL_ENABLE_DEBUG_INFO = NO;
				MTL_FAST_MATH = YES;
				SDKROOT = iphoneos;
				SWIFT_COMPILATION_MODE = wholemodule;
				SWIFT_OPTIMIZATION_LEVEL = "-O";
				VALIDATE_PRODUCT = YES;
			};
			name = Release;
		};
		38984EF5256F42620024DB16 /* Debug */ = {
			isa = XCBuildConfiguration;
			buildSettings = {
				ASSETCATALOG_COMPILER_APPICON_NAME = AppIcon;
				ASSETCATALOG_COMPILER_GLOBAL_ACCENT_COLOR_NAME = AccentColor;
				CODE_SIGN_STYLE = Automatic;
				DEVELOPMENT_TEAM = Q38Y5B8DT7;
				INFOPLIST_FILE = Eureka_iOS/Info.plist;
				LD_RUNPATH_SEARCH_PATHS = (
					"$(inherited)",
					"@executable_path/Frameworks",
				);
				PRODUCT_BUNDLE_IDENTIFIER = "mx.eurekacorp.Eureka-iOS";
				PRODUCT_NAME = "$(TARGET_NAME)";
				SWIFT_VERSION = 5.0;
				TARGETED_DEVICE_FAMILY = "1,2";
			};
			name = Debug;
		};
		38984EF6256F42620024DB16 /* Release */ = {
			isa = XCBuildConfiguration;
			buildSettings = {
				ASSETCATALOG_COMPILER_APPICON_NAME = AppIcon;
				ASSETCATALOG_COMPILER_GLOBAL_ACCENT_COLOR_NAME = AccentColor;
				CODE_SIGN_STYLE = Automatic;
				DEVELOPMENT_TEAM = Q38Y5B8DT7;
				INFOPLIST_FILE = Eureka_iOS/Info.plist;
				LD_RUNPATH_SEARCH_PATHS = (
					"$(inherited)",
					"@executable_path/Frameworks",
				);
				PRODUCT_BUNDLE_IDENTIFIER = "mx.eurekacorp.Eureka-iOS";
				PRODUCT_NAME = "$(TARGET_NAME)";
				SWIFT_VERSION = 5.0;
				TARGETED_DEVICE_FAMILY = "1,2";
			};
			name = Release;
		};
/* End XCBuildConfiguration section */

/* Begin XCConfigurationList section */
		38984EDB256F42600024DB16 /* Build configuration list for PBXProject "Eureka_iOS" */ = {
			isa = XCConfigurationList;
			buildConfigurations = (
				38984EF2256F42620024DB16 /* Debug */,
				38984EF3256F42620024DB16 /* Release */,
			);
			defaultConfigurationIsVisible = 0;
			defaultConfigurationName = Release;
		};
		38984EF4256F42620024DB16 /* Build configuration list for PBXNativeTarget "Eureka_iOS" */ = {
			isa = XCConfigurationList;
			buildConfigurations = (
				38984EF5256F42620024DB16 /* Debug */,
				38984EF6256F42620024DB16 /* Release */,
			);
			defaultConfigurationIsVisible = 0;
			defaultConfigurationName = Release;
		};
/* End XCConfigurationList section */
	};
	rootObject = 38984ED8256F42600024DB16 /* Project object */;
}
